
Microsoft Visual Studio Solution File, Format Version 12.00
# Visual Studio Version 17
VisualStudioVersion = 17.2.32526.322
MinimumVisualStudioVersion = 10.0.40219.1
Project("{FAE04EC0-301F-11D3-BF4B-00C04F79EFBC}") = "calpilares", "calpilares\calpilares.csproj", "{872200BD-59EE-4E1C-B5CB-781CB2E487E4}"
EndProject
Global
	GlobalSection(SolutionConfigurationPlatforms) = preSolution
		Debug|Any CPU = Debug|Any CPU
		Release|Any CPU = Release|Any CPU
	EndGlobalSection
	GlobalSection(ProjectConfigurationPlatforms) = postSolution
		{872200BD-59EE-4E1C-B5CB-781CB2E487E4}.Debug|Any CPU.ActiveCfg = Debug|Any CPU
		{872200BD-59EE-4E1C-B5CB-781CB2E487E4}.Debug|Any CPU.Build.0 = Debug|Any CPU
		{872200BD-59EE-4E1C-B5CB-781CB2E487E4}.Release|Any CPU.ActiveCfg = Release|Any CPU
		{872200BD-59EE-4E1C-B5CB-781CB2E487E4}.Release|Any CPU.Build.0 = Release|Any CPU
	EndGlobalSection
	GlobalSection(SolutionProperties) = preSolution
		HideSolutionNode = FALSE
	EndGlobalSection
	GlobalSection(ExtensibilityGlobals) = postSolution
		SolutionGuid = {35190749-3214-4C3D-9E69-687FF7A59467}
	EndGlobalSection
EndGlobal
